
Microsoft Visual Studio Solution File, Format Version 12.00
# Visual Studio Version 17
VisualStudioVersion = 17.0.31903.59
MinimumVisualStudioVersion = 10.0.40219.1
Project("{9A19103F-16F7-4668-BE54-9A1E7A4F7556}") = "FoSouzaDev.Customers.WebApi", "FoSouzaDev.Customers.WebApi\FoSouzaDev.Customers.WebApi.csproj", "{B6F56522-76D4-4E4B-9EBE-F7BBEA8595DF}"
EndProject
Project("{9A19103F-16F7-4668-BE54-9A1E7A4F7556}") = "FoSouzaDev.Customers.UnitaryTests", "FoSouzaDev.Customers.UnitaryTests\FoSouzaDev.Customers.UnitaryTests.csproj", "{6D059005-6964-4582-B536-2C9AF6DC1B4A}"
EndProject
Project("{2150E333-8FDC-42A3-9474-1A3956D46DE8}") = "Solution Items", "Solution Items", "{EAA4BDC9-3A34-43F1-925B-533D3FA6EE9D}"
	ProjectSection(SolutionItems) = preProject
		.gitignore = .gitignore
	EndProjectSection
EndProject
Global
	GlobalSection(SolutionConfigurationPlatforms) = preSolution
		Debug|Any CPU = Debug|Any CPU
		Release|Any CPU = Release|Any CPU
	EndGlobalSection
	GlobalSection(ProjectConfigurationPlatforms) = postSolution
		{B6F56522-76D4-4E4B-9EBE-F7BBEA8595DF}.Debug|Any CPU.ActiveCfg = Debug|Any CPU
		{B6F56522-76D4-4E4B-9EBE-F7BBEA8595DF}.Debug|Any CPU.Build.0 = Debug|Any CPU
		{B6F56522-76D4-4E4B-9EBE-F7BBEA8595DF}.Release|Any CPU.ActiveCfg = Release|Any CPU
		{B6F56522-76D4-4E4B-9EBE-F7BBEA8595DF}.Release|Any CPU.Build.0 = Release|Any CPU
		{6D059005-6964-4582-B536-2C9AF6DC1B4A}.Debug|Any CPU.ActiveCfg = Debug|Any CPU
		{6D059005-6964-4582-B536-2C9AF6DC1B4A}.Debug|Any CPU.Build.0 = Debug|Any CPU
		{6D059005-6964-4582-B536-2C9AF6DC1B4A}.Release|Any CPU.ActiveCfg = Release|Any CPU
		{6D059005-6964-4582-B536-2C9AF6DC1B4A}.Release|Any CPU.Build.0 = Release|Any CPU
	EndGlobalSection
	GlobalSection(SolutionProperties) = preSolution
		HideSolutionNode = FALSE
	EndGlobalSection
EndGlobal
