
Microsoft Visual Studio Solution File, Format Version 12.00
# Visual Studio Version 17
VisualStudioVersion = 17.0.31903.59
MinimumVisualStudioVersion = 10.0.40219.1
Project("{2150E333-8FDC-42A3-9474-1A3956D46DE8}") = "Solution Items", "Solution Items", "{EAA4BDC9-3A34-43F1-925B-533D3FA6EE9D}"
	ProjectSection(SolutionItems) = preProject
		.gitignore = .gitignore
		README.md = README.md
	EndProjectSection
EndProject
Project("{2150E333-8FDC-42A3-9474-1A3956D46DE8}") = "src", "src", "{A182E221-6BEA-48F2-866B-C81AB1220CBF}"
EndProject
Project("{2150E333-8FDC-42A3-9474-1A3956D46DE8}") = "tests", "tests", "{92E42B2B-BA95-4B39-8F3B-CD3C655714C6}"
EndProject
Project("{9A19103F-16F7-4668-BE54-9A1E7A4F7556}") = "FoSouzaDev.Customers.WebApi", "src\FoSouzaDev.Customers.WebApi\FoSouzaDev.Customers.WebApi.csproj", "{037A2362-EE49-4B85-956A-127DE10E9290}"
EndProject
Project("{9A19103F-16F7-4668-BE54-9A1E7A4F7556}") = "FoSouzaDev.Customers.UnitaryTests", "tests\FoSouzaDev.Customers.UnitaryTests\FoSouzaDev.Customers.UnitaryTests.csproj", "{A6C4B98C-1CB1-4448-B466-FCD5A807AB12}"
EndProject
Project("{9A19103F-16F7-4668-BE54-9A1E7A4F7556}") = "FoSouzaDev.Customers.Domain", "src\FoSouzaDev.Customers.Domain\FoSouzaDev.Customers.Domain.csproj", "{538432CB-CDAF-4A96-A89C-DFF8E4B6A196}"
EndProject
Project("{9A19103F-16F7-4668-BE54-9A1E7A4F7556}") = "FoSouzaDev.Customers.Infrastructure", "src\FoSouzaDev.Customers.Infrastructure\FoSouzaDev.Customers.Infrastructure.csproj", "{4292190E-0ECC-49A3-93C3-E59AD66AEFB7}"
EndProject
Project("{9A19103F-16F7-4668-BE54-9A1E7A4F7556}") = "FoSouzaDev.Customers.FunctionalTests", "tests\FoSouzaDev.Customers.FunctionalTests\FoSouzaDev.Customers.FunctionalTests.csproj", "{CD46952D-26D8-4119-85E9-2369B3D50706}"
EndProject
Project("{9A19103F-16F7-4668-BE54-9A1E7A4F7556}") = "FoSouzaDev.Customers.IntegrationTests", "tests\FoSouzaDev.Customers.IntegrationTests\FoSouzaDev.Customers.IntegrationTests.csproj", "{5E27A68A-C35E-4D42-81CD-1ACF6EB808E7}"
EndProject
Project("{9A19103F-16F7-4668-BE54-9A1E7A4F7556}") = "FoSouzaDev.Customers.Application", "src\FoSouzaDev.Customers.Application\FoSouzaDev.Customers.Application.csproj", "{B0FEBE30-8BB2-4021-8BE0-AC20ED867D52}"
EndProject
Project("{FAE04EC0-301F-11D3-BF4B-00C04F79EFBC}") = "FoSouzaDev.Customers.CommonTests", "tests\FoSouzaDev.Customers.CommonTests\FoSouzaDev.Customers.CommonTests.csproj", "{12E45FF9-6C71-43CC-9FBF-2DF5FE8FE462}"
EndProject
Global
	GlobalSection(SolutionConfigurationPlatforms) = preSolution
		Debug|Any CPU = Debug|Any CPU
		Release|Any CPU = Release|Any CPU
	EndGlobalSection
	GlobalSection(ProjectConfigurationPlatforms) = postSolution
		{037A2362-EE49-4B85-956A-127DE10E9290}.Debug|Any CPU.ActiveCfg = Debug|Any CPU
		{037A2362-EE49-4B85-956A-127DE10E9290}.Debug|Any CPU.Build.0 = Debug|Any CPU
		{037A2362-EE49-4B85-956A-127DE10E9290}.Release|Any CPU.ActiveCfg = Release|Any CPU
		{037A2362-EE49-4B85-956A-127DE10E9290}.Release|Any CPU.Build.0 = Release|Any CPU
		{A6C4B98C-1CB1-4448-B466-FCD5A807AB12}.Debug|Any CPU.ActiveCfg = Debug|Any CPU
		{A6C4B98C-1CB1-4448-B466-FCD5A807AB12}.Debug|Any CPU.Build.0 = Debug|Any CPU
		{A6C4B98C-1CB1-4448-B466-FCD5A807AB12}.Release|Any CPU.ActiveCfg = Release|Any CPU
		{A6C4B98C-1CB1-4448-B466-FCD5A807AB12}.Release|Any CPU.Build.0 = Release|Any CPU
		{538432CB-CDAF-4A96-A89C-DFF8E4B6A196}.Debug|Any CPU.ActiveCfg = Debug|Any CPU
		{538432CB-CDAF-4A96-A89C-DFF8E4B6A196}.Debug|Any CPU.Build.0 = Debug|Any CPU
		{538432CB-CDAF-4A96-A89C-DFF8E4B6A196}.Release|Any CPU.ActiveCfg = Release|Any CPU
		{538432CB-CDAF-4A96-A89C-DFF8E4B6A196}.Release|Any CPU.Build.0 = Release|Any CPU
		{4292190E-0ECC-49A3-93C3-E59AD66AEFB7}.Debug|Any CPU.ActiveCfg = Debug|Any CPU
		{4292190E-0ECC-49A3-93C3-E59AD66AEFB7}.Debug|Any CPU.Build.0 = Debug|Any CPU
		{4292190E-0ECC-49A3-93C3-E59AD66AEFB7}.Release|Any CPU.ActiveCfg = Release|Any CPU
		{4292190E-0ECC-49A3-93C3-E59AD66AEFB7}.Release|Any CPU.Build.0 = Release|Any CPU
		{CD46952D-26D8-4119-85E9-2369B3D50706}.Debug|Any CPU.ActiveCfg = Debug|Any CPU
		{CD46952D-26D8-4119-85E9-2369B3D50706}.Debug|Any CPU.Build.0 = Debug|Any CPU
		{CD46952D-26D8-4119-85E9-2369B3D50706}.Release|Any CPU.ActiveCfg = Release|Any CPU
		{CD46952D-26D8-4119-85E9-2369B3D50706}.Release|Any CPU.Build.0 = Release|Any CPU
		{5E27A68A-C35E-4D42-81CD-1ACF6EB808E7}.Debug|Any CPU.ActiveCfg = Debug|Any CPU
		{5E27A68A-C35E-4D42-81CD-1ACF6EB808E7}.Debug|Any CPU.Build.0 = Debug|Any CPU
		{5E27A68A-C35E-4D42-81CD-1ACF6EB808E7}.Release|Any CPU.ActiveCfg = Release|Any CPU
		{5E27A68A-C35E-4D42-81CD-1ACF6EB808E7}.Release|Any CPU.Build.0 = Release|Any CPU
		{B0FEBE30-8BB2-4021-8BE0-AC20ED867D52}.Debug|Any CPU.ActiveCfg = Debug|Any CPU
		{B0FEBE30-8BB2-4021-8BE0-AC20ED867D52}.Debug|Any CPU.Build.0 = Debug|Any CPU
		{B0FEBE30-8BB2-4021-8BE0-AC20ED867D52}.Release|Any CPU.ActiveCfg = Release|Any CPU
		{B0FEBE30-8BB2-4021-8BE0-AC20ED867D52}.Release|Any CPU.Build.0 = Release|Any CPU
		{12E45FF9-6C71-43CC-9FBF-2DF5FE8FE462}.Debug|Any CPU.ActiveCfg = Debug|Any CPU
		{12E45FF9-6C71-43CC-9FBF-2DF5FE8FE462}.Debug|Any CPU.Build.0 = Debug|Any CPU
		{12E45FF9-6C71-43CC-9FBF-2DF5FE8FE462}.Release|Any CPU.ActiveCfg = Release|Any CPU
		{12E45FF9-6C71-43CC-9FBF-2DF5FE8FE462}.Release|Any CPU.Build.0 = Release|Any CPU
	EndGlobalSection
	GlobalSection(SolutionProperties) = preSolution
		HideSolutionNode = FALSE
	EndGlobalSection
	GlobalSection(NestedProjects) = preSolution
		{037A2362-EE49-4B85-956A-127DE10E9290} = {A182E221-6BEA-48F2-866B-C81AB1220CBF}
		{A6C4B98C-1CB1-4448-B466-FCD5A807AB12} = {92E42B2B-BA95-4B39-8F3B-CD3C655714C6}
		{538432CB-CDAF-4A96-A89C-DFF8E4B6A196} = {A182E221-6BEA-48F2-866B-C81AB1220CBF}
		{4292190E-0ECC-49A3-93C3-E59AD66AEFB7} = {A182E221-6BEA-48F2-866B-C81AB1220CBF}
		{CD46952D-26D8-4119-85E9-2369B3D50706} = {92E42B2B-BA95-4B39-8F3B-CD3C655714C6}
		{5E27A68A-C35E-4D42-81CD-1ACF6EB808E7} = {92E42B2B-BA95-4B39-8F3B-CD3C655714C6}
		{B0FEBE30-8BB2-4021-8BE0-AC20ED867D52} = {A182E221-6BEA-48F2-866B-C81AB1220CBF}
		{12E45FF9-6C71-43CC-9FBF-2DF5FE8FE462} = {92E42B2B-BA95-4B39-8F3B-CD3C655714C6}
	EndGlobalSection
	GlobalSection(ExtensibilityGlobals) = postSolution
		SolutionGuid = {6EB52355-16F8-4FCB-9902-1466F0682D29}
	EndGlobalSection
EndGlobal
